
Microsoft Visual Studio Solution File, Format Version 12.00
# Visual Studio Version 17
VisualStudioVersion = 17.0.32126.317
MinimumVisualStudioVersion = 10.0.40219.1
Project("{9A19103F-16F7-4668-BE54-9A1E7A4F7556}") = "GrpcServer", "GrpcServer.csproj", "{DCBE769D-4BDA-4E62-A7C0-C7AF9811CA15}"
EndProject
Project("{9A19103F-16F7-4668-BE54-9A1E7A4F7556}") = "GrpcClient_winform", "..\GrpcClient_winform\GrpcClient_winform.csproj", "{F8C02876-6EC8-4593-8888-0D0E4452DA78}"
EndProject
Global
	GlobalSection(SolutionConfigurationPlatforms) = preSolution
		Debug|Any CPU = Debug|Any CPU
		Release|Any CPU = Release|Any CPU
	EndGlobalSection
	GlobalSection(ProjectConfigurationPlatforms) = postSolution
		{DCBE769D-4BDA-4E62-A7C0-C7AF9811CA15}.Debug|Any CPU.ActiveCfg = Debug|Any CPU
		{DCBE769D-4BDA-4E62-A7C0-C7AF9811CA15}.Debug|Any CPU.Build.0 = Debug|Any CPU
		{DCBE769D-4BDA-4E62-A7C0-C7AF9811CA15}.Release|Any CPU.ActiveCfg = Release|Any CPU
		{DCBE769D-4BDA-4E62-A7C0-C7AF9811CA15}.Release|Any CPU.Build.0 = Release|Any CPU
		{F8C02876-6EC8-4593-8888-0D0E4452DA78}.Debug|Any CPU.ActiveCfg = Debug|Any CPU
		{F8C02876-6EC8-4593-8888-0D0E4452DA78}.Debug|Any CPU.Build.0 = Debug|Any CPU
		{F8C02876-6EC8-4593-8888-0D0E4452DA78}.Release|Any CPU.ActiveCfg = Release|Any CPU
		{F8C02876-6EC8-4593-8888-0D0E4452DA78}.Release|Any CPU.Build.0 = Release|Any CPU
	EndGlobalSection
	GlobalSection(SolutionProperties) = preSolution
		HideSolutionNode = FALSE
	EndGlobalSection
	GlobalSection(ExtensibilityGlobals) = postSolution
		SolutionGuid = {12C92532-A828-4913-A67D-6ED34304CE33}
	EndGlobalSection
EndGlobal
